
Microsoft Visual Studio Solution File, Format Version 12.00
# Visual Studio Version 17
VisualStudioVersion = 17.4.33103.184
MinimumVisualStudioVersion = 10.0.40219.1
Project("{FAE04EC0-301F-11D3-BF4B-00C04F79EFBC}") = "TelecomNevaSyazS1", "TelecomNevaSyazS1\TelecomNevaSyazS1.csproj", "{842CDD29-F952-4FD5-A124-A0D1D50C1144}"
EndProject
Global
	GlobalSection(SolutionConfigurationPlatforms) = preSolution
		Debug|Any CPU = Debug|Any CPU
		Release|Any CPU = Release|Any CPU
	EndGlobalSection
	GlobalSection(ProjectConfigurationPlatforms) = postSolution
		{842CDD29-F952-4FD5-A124-A0D1D50C1144}.Debug|Any CPU.ActiveCfg = Debug|Any CPU
		{842CDD29-F952-4FD5-A124-A0D1D50C1144}.Debug|Any CPU.Build.0 = Debug|Any CPU
		{842CDD29-F952-4FD5-A124-A0D1D50C1144}.Release|Any CPU.ActiveCfg = Release|Any CPU
		{842CDD29-F952-4FD5-A124-A0D1D50C1144}.Release|Any CPU.Build.0 = Release|Any CPU
	EndGlobalSection
	GlobalSection(SolutionProperties) = preSolution
		HideSolutionNode = FALSE
	EndGlobalSection
	GlobalSection(ExtensibilityGlobals) = postSolution
		SolutionGuid = {92B2D51C-DC40-4E40-9D92-3B87A9AFCE64}
	EndGlobalSection
EndGlobal
